
Microsoft Visual Studio Solution File, Format Version 12.00
# Visual Studio Version 16
VisualStudioVersion = 16.0.29215.179
MinimumVisualStudioVersion = 10.0.40219.1
Project("{FAE04EC0-301F-11D3-BF4B-00C04F79EFBC}") = "Chay", "Chay\Chay.csproj", "{C4DF35BC-E247-4E99-AC09-F69056513D98}"
EndProject
Project("{FAE04EC0-301F-11D3-BF4B-00C04F79EFBC}") = "ChayServer", "ChayServer\ChayServer.csproj", "{11CA27A9-B971-4A3C-8402-E99A1C3761B9}"
EndProject
Global
	GlobalSection(SolutionConfigurationPlatforms) = preSolution
		Debug|Any CPU = Debug|Any CPU
		Release|Any CPU = Release|Any CPU
	EndGlobalSection
	GlobalSection(ProjectConfigurationPlatforms) = postSolution
		{C4DF35BC-E247-4E99-AC09-F69056513D98}.Debug|Any CPU.ActiveCfg = Debug|Any CPU
		{C4DF35BC-E247-4E99-AC09-F69056513D98}.Debug|Any CPU.Build.0 = Debug|Any CPU
		{C4DF35BC-E247-4E99-AC09-F69056513D98}.Release|Any CPU.ActiveCfg = Release|Any CPU
		{C4DF35BC-E247-4E99-AC09-F69056513D98}.Release|Any CPU.Build.0 = Release|Any CPU
		{11CA27A9-B971-4A3C-8402-E99A1C3761B9}.Debug|Any CPU.ActiveCfg = Debug|Any CPU
		{11CA27A9-B971-4A3C-8402-E99A1C3761B9}.Debug|Any CPU.Build.0 = Debug|Any CPU
		{11CA27A9-B971-4A3C-8402-E99A1C3761B9}.Release|Any CPU.ActiveCfg = Release|Any CPU
		{11CA27A9-B971-4A3C-8402-E99A1C3761B9}.Release|Any CPU.Build.0 = Release|Any CPU
	EndGlobalSection
	GlobalSection(SolutionProperties) = preSolution
		HideSolutionNode = FALSE
	EndGlobalSection
	GlobalSection(ExtensibilityGlobals) = postSolution
		SolutionGuid = {ACA3DF6F-4286-455E-B2D2-60055A891EF5}
	EndGlobalSection
EndGlobal
